// !$*UTF8*$!
{
	archiveVersion = 1;
	classes = {
	};
	objectVersion = 46;
	objects = {
		E7F5C72CBFBE584865A085FC = {
			isa = PBXBuildFile;
			fileRef = 5F94F284113AE628293A0C99;
		};
		2FA5BB3C8FF3EF947067A2F0 = {
			isa = PBXBuildFile;
			fileRef = 9C3FBA8A1D5C3971B0C8B677;
		};
		391B9C1E25BA463B93343435 = {
			isa = PBXBuildFile;
			fileRef = 14EA4697115D6B1F431C15E1;
		};
		30CB18F4EBA41CEA185FF4E7 = {
			isa = PBXBuildFile;
			fileRef = CD056B7CE446F408458D5ED9;
		};
		AC9CCDCBA19D4BCCA0D3145F = {
			isa = PBXBuildFile;
			fileRef = 678127378248F321903C6AA3;
		};
		15CBC5E72390AE848778ECC7 = {
			isa = PBXBuildFile;
			fileRef = 6D1E494C331A81CC00F6573C;
		};
		45AA99B726E47E20F8E3BDCC = {
			isa = PBXBuildFile;
			fileRef = 757805CE0739FBC9AD38BAF1;
		};
		60C9F5340CA6BCC70F2A18FB = {
			isa = PBXBuildFile;
			fileRef = 7EEBDC237B73B7C8E60E7977;
		};
		B6AC4F324B06DA76BD218310 = {
			isa = PBXBuildFile;
			fileRef = 1755FA11E2B847DEFD9489DD;
		};
		17F69316D963D3147743D5C3 = {
			isa = PBXBuildFile;
			fileRef = 101692EA68F3CBA182D6BE3B;
		};
		39E4D79F5580074527FCD644 = {
			isa = PBXBuildFile;
			fileRef = BEEC0EEB8C97FB410416AE74;
		};
		DCFD11D10B3078F70FA5C255 = {
			isa = PBXBuildFile;
			fileRef = E192DB695D80C0D005565B8F;
		};
		3DCE4D9511E079786B8B0B99 = {
			isa = PBXBuildFile;
			fileRef = 635566023B4AD6B50F0654C3;
		};
		CB68851BBEE0179725E351A2 = {
			isa = PBXBuildFile;
			fileRef = 3E9E1F620A74E53328EE966F;
		};
		55E0B28D8C4A372B5BFF9D91 = {
			isa = PBXBuildFile;
			fileRef = CB8024C3B9F6BFA385C84F18;
		};
		C063EA5AEDAD56289A118697 = {
			isa = PBXBuildFile;
			fileRef = 5EF6881BD7E10FD809124ABD;
		};
		E587D053E7F185E5A7275710 = {
			isa = PBXBuildFile;
			fileRef = F4EA106193E4EA9199F9D443;
		};
		EF9BA5C14B3C604F51D911F2 = {
			isa = PBXBuildFile;
			fileRef = 4B615516182A5E62E331BA7D;
		};
		1D56347444C2EC0412C625CC = {
			isa = PBXBuildFile;
			fileRef = 2779F49F4EEE26107770B004;
		};
		941702DF346DBE2936E78FF5 = {
			isa = PBXBuildFile;
			fileRef = 916C50902750CC55B197D5A5;
		};
		4BE2F151730AA5EAF7F54A15 = {
			isa = PBXBuildFile;
			fileRef = 88135DA8D13F8E74FA6331C1;
		};
		1DBE61A0D793E0D2FD462E65 = {
			isa = PBXBuildFile;
			fileRef = 01A2E5D7067FED8005D74B07;
		};
		4167AE52E5A8964B68AB725C = {
			isa = PBXBuildFile;
			fileRef = F560A95A408F5666B457A41D;
		};
		B13C8F7DE2B444E30A233788 = {
			isa = PBXBuildFile;
			fileRef = 4A688822CD871F94A5067ADE;
		};
		D6A755FF18F01DC7FB75E6DE = {
			isa = PBXBuildFile;
			fileRef = FF053558FAF036DF36BC3B30;
		};
		5D1FC189A63FF9051C3BF522 = {
			isa = PBXBuildFile;
			fileRef = F747590202CEB005A4CFF4A2;
		};
		4704CC1BF89981186732F533 = {
			isa = PBXBuildFile;
			fileRef = 38A6F5CBDAC72190A7A5D3A0;
		};
		526485784DE3975F90CE91A0 = {
			isa = PBXBuildFile;
			fileRef = 3ED43342E5FB796AED7A5E9A;
		};
		8D374CB45745951DFC013139 = {
			isa = PBXBuildFile;
			fileRef = EA8ADF93B7291C7985E6EEA6;
		};
		74008136AC6D026FCA7F18F6 = {
			isa = PBXBuildFile;
			fileRef = C03A3A190010C5EB4E30C83B;
		};
		58084F62CE6D10E11446281C = {
			isa = PBXBuildFile;
			fileRef = 4FE516AB8C433DB7A3805523;
		};
		2B892ECC831C67289EDDE9BD = {
			isa = PBXBuildFile;
			fileRef = 665A09F50640878EBBB37CF6;
		};
		C4DA8141FC7B3B334735CC84 = {
			isa = PBXBuildFile;
			fileRef = 867C1D6C4146D68C41E98FA5;
		};
		F612530EB12F079574BA86A3 = {
			isa = PBXBuildFile;
			fileRef = D54A235AC8D97517601450A7;
		};
		C6224E046F1E9ED3CECFFAD7 = {
			isa = PBXBuildFile;
			fileRef = B1AC344B9D6088D5817B8CD2;
		};
		06DF2F7FB89A6288ACFCD2BE = {
			isa = PBXBuildFile;
			fileRef = 36864B7D082D489CF4FEB4DA;
		};
		16C29F76076BF8453366E7CD = {
			isa = PBXBuildFile;
			fileRef = 788C00A2FDAED8C63EC9D070;
		};
		3AEC857F13C513E22413B406 = {
			isa = PBXBuildFile;
			fileRef = 3A180014372F0114873F4CD7;
		};
		6D87CBD601FA30F3998D642D = {
			isa = PBXBuildFile;
			fileRef = 58D9603ACE8267E48142348C;
		};
		FE1196A9D6E38489E5555984 = {
			isa = PBXBuildFile;
			fileRef = 8B54F72EB80E651473DB4C8B;
		};
		C21599CE14DF1C6BE51DA81D = {
			isa = PBXBuildFile;
			fileRef = 20C012CDD4CEF485059A5E7A;
		};
		01A2E5D7067FED8005D74B07 = {
			isa = PBXFileReference;
			lastKnownFileType = sourcecode.cpp.objcpp;
			name = "include_juce_audio_devices.mm";
			path = "../../JuceLibraryCode/include_juce_audio_devices.mm";
			sourceTree = "SOURCE_ROOT";
		};
		0B06213214B62F63F61E4766 = {
			isa = PBXFileReference;
			lastKnownFileType = file;
			name = "juce_core";
			path = "/Users/carmelofascella/Desktop/JUCE/modules/juce_core";
			sourceTree = "<absolute>";
		};
		0B1D1ED7F2D76878387F80B4 = {
			isa = PBXFileReference;
			lastKnownFileType = file;
			name = "juce_data_structures";
			path = "/Users/carmelofascella/Desktop/JUCE/modules/juce_data_structures";
			sourceTree = "<absolute>";
		};
		101692EA68F3CBA182D6BE3B = {
			isa = PBXFileReference;
			lastKnownFileType = wrapper.framework;
			name = CoreAudio.framework;
			path = System/Library/Frameworks/CoreAudio.framework;
			sourceTree = SDKROOT;
		};
		1361E520D728C1076AC8ED81 = {
			isa = PBXFileReference;
			lastKnownFileType = sourcecode.c.h;
			name = PluginProcessor.h;
			path = ../../Source/PluginProcessor.h;
			sourceTree = "SOURCE_ROOT";
		};
		20C012CDD4CEF485059A5E7A = {
			isa = PBXFileReference;
			lastKnownFileType = sourcecode.cpp.objcpp;
			name = "include_juce_opengl.mm";
			path = "../../JuceLibraryCode/include_juce_opengl.mm";
			sourceTree = "SOURCE_ROOT";
		};
		2779F49F4EEE26107770B004 = {
			isa = PBXFileReference;
			lastKnownFileType = sourcecode.cpp.cpp;
			name = PluginProcessor.cpp;
			path = ../../Source/PluginProcessor.cpp;
			sourceTree = "SOURCE_ROOT";
		};
		36864B7D082D489CF4FEB4DA = {
			isa = PBXFileReference;
			lastKnownFileType = sourcecode.cpp.objcpp;
			name = "include_juce_dsp.mm";
			path = "../../JuceLibraryCode/include_juce_dsp.mm";
			sourceTree = "SOURCE_ROOT";
		};
		5F94F284113AE628293A0C99 = {
			isa = PBXFileReference;
			explicitFileType = wrapper.cfbundle;
			includeInIndex = 0;
			path = BeatDetektor.vst3;
			sourceTree = "BUILT_PRODUCTS_DIR";
		};
		9C3FBA8A1D5C3971B0C8B677 = {
			isa = PBXFileReference;
			explicitFileType = wrapper.cfbundle;
			includeInIndex = 0;
			path = BeatDetektor.component;
			sourceTree = "BUILT_PRODUCTS_DIR";
		};
		14EA4697115D6B1F431C15E1 = {
			isa = PBXFileReference;
			explicitFileType = wrapper.application;
			includeInIndex = 0;
			path = BeatDetektor.app;
			sourceTree = "BUILT_PRODUCTS_DIR";
		};
		1755FA11E2B847DEFD9489DD = {
			isa = PBXFileReference;
			lastKnownFileType = wrapper.framework;
			name = Cocoa.framework;
			path = System/Library/Frameworks/Cocoa.framework;
			sourceTree = SDKROOT;
		};
		1A78080F01B369E3F32C5DEA = {
			isa = PBXFileReference;
			lastKnownFileType = file;
			name = "juce_audio_basics";
			path = "/Users/carmelofascella/Desktop/JUCE/modules/juce_audio_basics";
			sourceTree = "<absolute>";
		};
		1CF70E4431D22F2F81018B6B = {
			isa = PBXFileReference;
			lastKnownFileType = file;
			name = "juce_events";
			path = "/Users/carmelofascella/Desktop/JUCE/modules/juce_events";
			sourceTree = "<absolute>";
		};
		3350DA3D2A9BDD9A08D09C93 = {
			isa = PBXFileReference;
			lastKnownFileType = file;
			name = "juce_graphics";
			path = "/Users/carmelofascella/Desktop/JUCE/modules/juce_graphics";
			sourceTree = "<absolute>";
		};
		37E96E69B2D3E929FDB521EA = {
			isa = PBXFileReference;
			lastKnownFileType = file;
			name = "juce_cryptography";
			path = "/Users/carmelofascella/Desktop/JUCE/modules/juce_cryptography";
			sourceTree = "<absolute>";
		};
		38A6F5CBDAC72190A7A5D3A0 = {
			isa = PBXFileReference;
			lastKnownFileType = sourcecode.cpp.cpp;
			name = "include_juce_audio_plugin_client_Standalone.cpp";
			path = "../../JuceLibraryCode/include_juce_audio_plugin_client_Standalone.cpp";
			sourceTree = "SOURCE_ROOT";
		};
		3A180014372F0114873F4CD7 = {
			isa = PBXFileReference;
			lastKnownFileType = sourcecode.cpp.objcpp;
			name = "include_juce_graphics.mm";
			path = "../../JuceLibraryCode/include_juce_graphics.mm";
			sourceTree = "SOURCE_ROOT";
		};
		3B317BA48816BAC3A2041944 = {
			isa = PBXFileReference;
			lastKnownFileType = sourcecode.c.h;
			name = PluginEditor.h;
			path = ../../Source/PluginEditor.h;
			sourceTree = "SOURCE_ROOT";
		};
		3E9E1F620A74E53328EE966F = {
			isa = PBXFileReference;
			lastKnownFileType = wrapper.framework;
			name = IOKit.framework;
			path = System/Library/Frameworks/IOKit.framework;
			sourceTree = SDKROOT;
		};
		3ED43342E5FB796AED7A5E9A = {
			isa = PBXFileReference;
			lastKnownFileType = sourcecode.cpp.cpp;
			name = "include_juce_audio_plugin_client_utils.cpp";
			path = "../../JuceLibraryCode/include_juce_audio_plugin_client_utils.cpp";
			sourceTree = "SOURCE_ROOT";
		};
		3F2EDC8827E442FB5D4970D8 = {
			isa = PBXFileReference;
			lastKnownFileType = text.plist.xml;
			name = "Info-Standalone_Plugin.plist";
			path = "Info-Standalone_Plugin.plist";
			sourceTree = "SOURCE_ROOT";
		};
		4A688822CD871F94A5067ADE = {
			isa = PBXFileReference;
			lastKnownFileType = file.r;
			name = "include_juce_audio_plugin_client_AU.r";
			path = "../../JuceLibraryCode/include_juce_audio_plugin_client_AU.r";
			sourceTree = "SOURCE_ROOT";
		};
		4B615516182A5E62E331BA7D = {
			isa = PBXFileReference;
			lastKnownFileType = file.nib;
			name = RecentFilesMenuTemplate.nib;
			path = RecentFilesMenuTemplate.nib;
			sourceTree = "SOURCE_ROOT";
		};
		4E468A9C3EC35F1A5BFB2696 = {
			isa = PBXFileReference;
			lastKnownFileType = file;
			name = "juce_audio_utils";
			path = "/Users/carmelofascella/Desktop/JUCE/modules/juce_audio_utils";
			sourceTree = "<absolute>";
		};
		4FE516AB8C433DB7A3805523 = {
			isa = PBXFileReference;
			lastKnownFileType = sourcecode.cpp.objcpp;
			name = "include_juce_audio_processors.mm";
			path = "../../JuceLibraryCode/include_juce_audio_processors.mm";
			sourceTree = "SOURCE_ROOT";
		};
		5479C7B993B9606EBEF80347 = {
			isa = PBXFileReference;
			lastKnownFileType = sourcecode.c.h;
			name = AppConfig.h;
			path = ../../JuceLibraryCode/AppConfig.h;
			sourceTree = "SOURCE_ROOT";
		};
		58D9603ACE8267E48142348C = {
			isa = PBXFileReference;
			lastKnownFileType = sourcecode.cpp.objcpp;
			name = "include_juce_gui_basics.mm";
			path = "../../JuceLibraryCode/include_juce_gui_basics.mm";
			sourceTree = "SOURCE_ROOT";
		};
		5EF6881BD7E10FD809124ABD = {
			isa = PBXFileReference;
			lastKnownFileType = wrapper.framework;
			name = QuartzCore.framework;
			path = System/Library/Frameworks/QuartzCore.framework;
			sourceTree = SDKROOT;
		};
		62862CDA3805CDADFDA9C4D4 = {
			isa = PBXFileReference;
			lastKnownFileType = file;
			name = "juce_audio_processors";
			path = "/Users/carmelofascella/Desktop/JUCE/modules/juce_audio_processors";
			sourceTree = "<absolute>";
		};
		635566023B4AD6B50F0654C3 = {
			isa = PBXFileReference;
			lastKnownFileType = wrapper.framework;
			name = DiscRecording.framework;
			path = System/Library/Frameworks/DiscRecording.framework;
			sourceTree = SDKROOT;
		};
		665A09F50640878EBBB37CF6 = {
			isa = PBXFileReference;
			lastKnownFileType = sourcecode.cpp.objcpp;
			name = "include_juce_audio_utils.mm";
			path = "../../JuceLibraryCode/include_juce_audio_utils.mm";
			sourceTree = "SOURCE_ROOT";
		};
		678127378248F321903C6AA3 = {
			isa = PBXFileReference;
			lastKnownFileType = wrapper.framework;
			name = Accelerate.framework;
			path = System/Library/Frameworks/Accelerate.framework;
			sourceTree = SDKROOT;
		};
		6D1E494C331A81CC00F6573C = {
			isa = PBXFileReference;
			lastKnownFileType = wrapper.framework;
			name = AudioToolbox.framework;
			path = System/Library/Frameworks/AudioToolbox.framework;
			sourceTree = SDKROOT;
		};
		757805CE0739FBC9AD38BAF1 = {
			isa = PBXFileReference;
			lastKnownFileType = wrapper.framework;
			name = AudioUnit.framework;
			path = System/Library/Frameworks/AudioUnit.framework;
			sourceTree = SDKROOT;
		};
		788C00A2FDAED8C63EC9D070 = {
			isa = PBXFileReference;
			lastKnownFileType = sourcecode.cpp.objcpp;
			name = "include_juce_events.mm";
			path = "../../JuceLibraryCode/include_juce_events.mm";
			sourceTree = "SOURCE_ROOT";
		};
		78FE4942A2FB865D9FDA100A = {
			isa = PBXFileReference;
			lastKnownFileType = file;
			name = "juce_opengl";
			path = "/Users/carmelofascella/Desktop/JUCE/modules/juce_opengl";
			sourceTree = "<absolute>";
		};
		7EEBDC237B73B7C8E60E7977 = {
			isa = PBXFileReference;
			lastKnownFileType = wrapper.framework;
			name = Carbon.framework;
			path = System/Library/Frameworks/Carbon.framework;
			sourceTree = SDKROOT;
		};
		867C1D6C4146D68C41E98FA5 = {
			isa = PBXFileReference;
			lastKnownFileType = sourcecode.cpp.objcpp;
			name = "include_juce_core.mm";
			path = "../../JuceLibraryCode/include_juce_core.mm";
			sourceTree = "SOURCE_ROOT";
		};
		88135DA8D13F8E74FA6331C1 = {
			isa = PBXFileReference;
			lastKnownFileType = sourcecode.cpp.objcpp;
			name = "include_juce_audio_basics.mm";
			path = "../../JuceLibraryCode/include_juce_audio_basics.mm";
			sourceTree = "SOURCE_ROOT";
		};
		88F626E3730E58EEB795D387 = {
			isa = PBXFileReference;
			lastKnownFileType = file;
			name = "juce_gui_basics";
			path = "/Users/carmelofascella/Desktop/JUCE/modules/juce_gui_basics";
			sourceTree = "<absolute>";
		};
		8B54F72EB80E651473DB4C8B = {
			isa = PBXFileReference;
			lastKnownFileType = sourcecode.cpp.objcpp;
			name = "include_juce_gui_extra.mm";
			path = "../../JuceLibraryCode/include_juce_gui_extra.mm";
			sourceTree = "SOURCE_ROOT";
		};
		916C50902750CC55B197D5A5 = {
			isa = PBXFileReference;
			lastKnownFileType = sourcecode.cpp.cpp;
			name = PluginEditor.cpp;
			path = ../../Source/PluginEditor.cpp;
			sourceTree = "SOURCE_ROOT";
		};
		9C966B028B401AAC2E3F3047 = {
			isa = PBXFileReference;
			lastKnownFileType = file;
			name = "juce_audio_formats";
			path = "/Users/carmelofascella/Desktop/JUCE/modules/juce_audio_formats";
			sourceTree = "<absolute>";
		};
		B1AC344B9D6088D5817B8CD2 = {
			isa = PBXFileReference;
			lastKnownFileType = sourcecode.cpp.objcpp;
			name = "include_juce_data_structures.mm";
			path = "../../JuceLibraryCode/include_juce_data_structures.mm";
			sourceTree = "SOURCE_ROOT";
		};
		BB8856C0EF7B6D9A3378A4EA = {
			isa = PBXFileReference;
			lastKnownFileType = sourcecode.c.h;
			name = JuceHeader.h;
			path = ../../JuceLibraryCode/JuceHeader.h;
			sourceTree = "SOURCE_ROOT";
		};
		BEEC0EEB8C97FB410416AE74 = {
			isa = PBXFileReference;
			lastKnownFileType = wrapper.framework;
			name = CoreAudioKit.framework;
			path = System/Library/Frameworks/CoreAudioKit.framework;
			sourceTree = SDKROOT;
		};
		C03A3A190010C5EB4E30C83B = {
			isa = PBXFileReference;
			lastKnownFileType = sourcecode.cpp.cpp;
			name = "include_juce_audio_plugin_client_VST3.cpp";
			path = "../../JuceLibraryCode/include_juce_audio_plugin_client_VST3.cpp";
			sourceTree = "SOURCE_ROOT";
		};
		C40A9C5E65679BA356705282 = {
			isa = PBXFileReference;
			lastKnownFileType = file;
			name = "juce_audio_devices";
			path = "/Users/carmelofascella/Desktop/JUCE/modules/juce_audio_devices";
			sourceTree = "<absolute>";
		};
		C87C861DAB2C523F9B43B963 = {
			isa = PBXFileReference;
			lastKnownFileType = file;
			name = "juce_gui_extra";
			path = "/Users/carmelofascella/Desktop/JUCE/modules/juce_gui_extra";
			sourceTree = "<absolute>";
		};
		CB8024C3B9F6BFA385C84F18 = {
			isa = PBXFileReference;
			lastKnownFileType = wrapper.framework;
			name = OpenGL.framework;
			path = System/Library/Frameworks/OpenGL.framework;
			sourceTree = SDKROOT;
		};
		CD056B7CE446F408458D5ED9 = {
			isa = PBXFileReference;
			explicitFileType = archive.ar;
			includeInIndex = 0;
			path = libBeatDetektor.a;
			sourceTree = "BUILT_PRODUCTS_DIR";
		};
		D54A235AC8D97517601450A7 = {
			isa = PBXFileReference;
			lastKnownFileType = sourcecode.cpp.objcpp;
			name = "include_juce_cryptography.mm";
			path = "../../JuceLibraryCode/include_juce_cryptography.mm";
			sourceTree = "SOURCE_ROOT";
		};
		DDF36FF0C798004EDC203697 = {
			isa = PBXFileReference;
			lastKnownFileType = file;
			name = "juce_dsp";
			path = "/Users/carmelofascella/Desktop/JUCE/modules/juce_dsp";
			sourceTree = "<absolute>";
		};
		DF2C975702BBF6137BB333D8 = {
			isa = PBXFileReference;
			lastKnownFileType = text.plist.xml;
			name = "Info-VST3.plist";
			path = "Info-VST3.plist";
			sourceTree = "SOURCE_ROOT";
		};
		E0EC9D3BAB85D8F600AA8893 = {
			isa = PBXFileReference;
			lastKnownFileType = text.plist.xml;
			name = BeatDetektor.entitlements;
			path = BeatDetektor.entitlements;
			sourceTree = "SOURCE_ROOT";
		};
		E192DB695D80C0D005565B8F = {
			isa = PBXFileReference;
			lastKnownFileType = wrapper.framework;
			name = CoreMIDI.framework;
			path = System/Library/Frameworks/CoreMIDI.framework;
			sourceTree = SDKROOT;
		};
		EA8ADF93B7291C7985E6EEA6 = {
			isa = PBXFileReference;
			lastKnownFileType = sourcecode.cpp.objcpp;
			name = "include_juce_audio_plugin_client_VST_utils.mm";
			path = "../../JuceLibraryCode/include_juce_audio_plugin_client_VST_utils.mm";
			sourceTree = "SOURCE_ROOT";
		};
		EBFE140306578812BB2C233D = {
			isa = PBXFileReference;
			lastKnownFileType = text.plist.xml;
			name = "Info-AU.plist";
			path = "Info-AU.plist";
			sourceTree = "SOURCE_ROOT";
		};
		F4EA106193E4EA9199F9D443 = {
			isa = PBXFileReference;
			lastKnownFileType = wrapper.framework;
			name = WebKit.framework;
			path = System/Library/Frameworks/WebKit.framework;
			sourceTree = SDKROOT;
		};
		F560A95A408F5666B457A41D = {
			isa = PBXFileReference;
			lastKnownFileType = sourcecode.cpp.objcpp;
			name = "include_juce_audio_formats.mm";
			path = "../../JuceLibraryCode/include_juce_audio_formats.mm";
			sourceTree = "SOURCE_ROOT";
		};
		F747590202CEB005A4CFF4A2 = {
			isa = PBXFileReference;
			lastKnownFileType = sourcecode.cpp.objcpp;
			name = "include_juce_audio_plugin_client_AU_2.mm";
			path = "../../JuceLibraryCode/include_juce_audio_plugin_client_AU_2.mm";
			sourceTree = "SOURCE_ROOT";
		};
		F7A403CAC129512D96A96494 = {
			isa = PBXFileReference;
			lastKnownFileType = file;
			name = "juce_audio_plugin_client";
			path = "/Users/carmelofascella/Desktop/JUCE/modules/juce_audio_plugin_client";
			sourceTree = "<absolute>";
		};
		FF053558FAF036DF36BC3B30 = {
			isa = PBXFileReference;
			lastKnownFileType = sourcecode.cpp.objcpp;
			name = "include_juce_audio_plugin_client_AU_1.mm";
			path = "../../JuceLibraryCode/include_juce_audio_plugin_client_AU_1.mm";
			sourceTree = "SOURCE_ROOT";
		};
		A56336E50751031335FE4A36 = {
			isa = PBXGroup;
			children = (
				2779F49F4EEE26107770B004,
				1361E520D728C1076AC8ED81,
				916C50902750CC55B197D5A5,
				3B317BA48816BAC3A2041944,
			);
			name = Source;
			sourceTree = "<group>";
		};
		3646920A791965713E04A716 = {
			isa = PBXGroup;
			children = (
				A56336E50751031335FE4A36,
			);
			name = BeatDetektor;
			sourceTree = "<group>";
		};
		C4C110F77F611E963C303C2F = {
			isa = PBXGroup;
			children = (
				1A78080F01B369E3F32C5DEA,
				C40A9C5E65679BA356705282,
				9C966B028B401AAC2E3F3047,
				F7A403CAC129512D96A96494,
				62862CDA3805CDADFDA9C4D4,
				4E468A9C3EC35F1A5BFB2696,
				0B06213214B62F63F61E4766,
				37E96E69B2D3E929FDB521EA,
				0B1D1ED7F2D76878387F80B4,
				DDF36FF0C798004EDC203697,
				1CF70E4431D22F2F81018B6B,
				3350DA3D2A9BDD9A08D09C93,
				88F626E3730E58EEB795D387,
				C87C861DAB2C523F9B43B963,
				78FE4942A2FB865D9FDA100A,
			);
			name = "JUCE Modules";
			sourceTree = "<group>";
		};
		E59B212D19143E1B99F03647 = {
			isa = PBXGroup;
			children = (
				5479C7B993B9606EBEF80347,
				88135DA8D13F8E74FA6331C1,
				01A2E5D7067FED8005D74B07,
				F560A95A408F5666B457A41D,
				4A688822CD871F94A5067ADE,
				FF053558FAF036DF36BC3B30,
				F747590202CEB005A4CFF4A2,
				38A6F5CBDAC72190A7A5D3A0,
				3ED43342E5FB796AED7A5E9A,
				EA8ADF93B7291C7985E6EEA6,
				C03A3A190010C5EB4E30C83B,
				4FE516AB8C433DB7A3805523,
				665A09F50640878EBBB37CF6,
				867C1D6C4146D68C41E98FA5,
				D54A235AC8D97517601450A7,
				B1AC344B9D6088D5817B8CD2,
				36864B7D082D489CF4FEB4DA,
				788C00A2FDAED8C63EC9D070,
				3A180014372F0114873F4CD7,
				58D9603ACE8267E48142348C,
				8B54F72EB80E651473DB4C8B,
				20C012CDD4CEF485059A5E7A,
				BB8856C0EF7B6D9A3378A4EA,
			);
			name = "JUCE Library Code";
			sourceTree = "<group>";
		};
		980E809316D56878D9765B8F = {
			isa = PBXGroup;
			children = (
				DF2C975702BBF6137BB333D8,
				EBFE140306578812BB2C233D,
				3F2EDC8827E442FB5D4970D8,
				4B615516182A5E62E331BA7D,
			);
			name = Resources;
			sourceTree = "<group>";
		};
		03C6BB41886D88BF4CBE6A80 = {
			isa = PBXGroup;
			children = (
				678127378248F321903C6AA3,
				6D1E494C331A81CC00F6573C,
				757805CE0739FBC9AD38BAF1,
				7EEBDC237B73B7C8E60E7977,
				1755FA11E2B847DEFD9489DD,
				101692EA68F3CBA182D6BE3B,
				BEEC0EEB8C97FB410416AE74,
				E192DB695D80C0D005565B8F,
				635566023B4AD6B50F0654C3,
				3E9E1F620A74E53328EE966F,
				CB8024C3B9F6BFA385C84F18,
				5EF6881BD7E10FD809124ABD,
				F4EA106193E4EA9199F9D443,
			);
			name = Frameworks;
			sourceTree = "<group>";
		};
		D12FB8F09434DB3DF8F6CC1A = {
			isa = PBXGroup;
			children = (
				5F94F284113AE628293A0C99,
				9C3FBA8A1D5C3971B0C8B677,
				14EA4697115D6B1F431C15E1,
				CD056B7CE446F408458D5ED9,
			);
			name = Products;
			sourceTree = "<group>";
		};
		836AACF14AD410C4C57BAFD9 = {
			isa = PBXGroup;
			children = (
				E0EC9D3BAB85D8F600AA8893,
				3646920A791965713E04A716,
				C4C110F77F611E963C303C2F,
				E59B212D19143E1B99F03647,
				980E809316D56878D9765B8F,
				03C6BB41886D88BF4CBE6A80,
				D12FB8F09434DB3DF8F6CC1A,
			);
			name = Source;
			sourceTree = "<group>";
		};
		2482275F0AAEEA6041DE1AA4 = {
			isa = XCBuildConfiguration;
			buildSettings = {
				MACOSX_DEPLOYMENT_TARGET = 10.11;
			};
			name = Debug;
		};
		77E8931F34CFF7701E39C4D3 = {
			isa = XCBuildConfiguration;
			buildSettings = {
				MACOSX_DEPLOYMENT_TARGET = 10.11;
			};
			name = Release;
		};
		ECFA55A377FF62F1D532D08B = {
			isa = XCBuildConfiguration;
			buildSettings = {
				CLANG_CXX_LANGUAGE_STANDARD = "c++14";
				CLANG_CXX_LIBRARY = "libc++";
				CLANG_LINK_OBJC_RUNTIME = NO;
				COMBINE_HIDPI_IMAGES = YES;
				CONFIGURATION_BUILD_DIR = "$(PROJECT_DIR)/build/$(CONFIGURATION)";
				COPY_PHASE_STRIP = NO;
				DEPLOYMENT_LOCATION = YES;
				DSTROOT = /;
				GCC_DYNAMIC_NO_PIC = NO;
				GCC_OPTIMIZATION_LEVEL = 0;
				GCC_PREPROCESSOR_DEFINITIONS = (
					"_DEBUG=1",
					"DEBUG=1",
					"JUCER_XCODE_MAC_F6D2F4CF=1",
					"JUCE_APP_VERSION=1.0.0",
					"JUCE_APP_VERSION_HEX=0x10000",
					"JucePlugin_Build_VST=0",
					"JucePlugin_Build_VST3=1",
					"JucePlugin_Build_AU=0",
					"JucePlugin_Build_AUv3=0",
					"JucePlugin_Build_RTAS=0",
					"JucePlugin_Build_AAX=0",
					"JucePlugin_Build_Standalone=0",
					"JucePlugin_Build_Unity=0",
				);
				GCC_VERSION = com.apple.compilers.llvm.clang.1_0;
				GENERATE_PKGINFO_FILE = YES;
				HEADER_SEARCH_PATHS = (
					"/Users/carmelofascella/Desktop/JUCE/modules/juce_audio_processors/format_types/VST3_SDK",
					"../../JuceLibraryCode",
					"/Users/carmelofascella/Desktop/JUCE/modules",
					"/Users/carmelofascella/Desktop/JUCE/modules/juce_audio_plugin_client",
					"$(inherited)",
				);
				INFOPLIST_FILE = Info-VST3.plist;
				INFOPLIST_PREPROCESS = NO;
				INSTALL_PATH = "$(HOME)/Library/Audio/Plug-Ins/VST3/";
				LIBRARY_STYLE = Bundle;
				MACOSX_DEPLOYMENT_TARGET = 10.11;
				OTHER_LDFLAGS = "-bundle -lBeatDetektor";
				PRODUCT_BUNDLE_IDENTIFIER = com.yourcompany.BeatDetektor;
				PRODUCT_NAME = "BeatDetektor";
				USE_HEADERMAP = NO;
				WRAPPER_EXTENSION = vst3;
			};
			name = Debug;
		};
		5E403DC131CEFFBEE815FCE8 = {
			isa = XCBuildConfiguration;
			buildSettings = {
				CLANG_CXX_LANGUAGE_STANDARD = "c++14";
				CLANG_CXX_LIBRARY = "libc++";
				CLANG_LINK_OBJC_RUNTIME = NO;
				COMBINE_HIDPI_IMAGES = YES;
				CONFIGURATION_BUILD_DIR = "$(PROJECT_DIR)/build/$(CONFIGURATION)";
				DEAD_CODE_STRIPPING = YES;
				DEPLOYMENT_LOCATION = YES;
				DSTROOT = /;
				GCC_GENERATE_DEBUGGING_SYMBOLS = NO;
				GCC_OPTIMIZATION_LEVEL = 3;
				GCC_PREPROCESSOR_DEFINITIONS = (
					"_NDEBUG=1",
					"NDEBUG=1",
					"JUCER_XCODE_MAC_F6D2F4CF=1",
					"JUCE_APP_VERSION=1.0.0",
					"JUCE_APP_VERSION_HEX=0x10000",
					"JucePlugin_Build_VST=0",
					"JucePlugin_Build_VST3=1",
					"JucePlugin_Build_AU=0",
					"JucePlugin_Build_AUv3=0",
					"JucePlugin_Build_RTAS=0",
					"JucePlugin_Build_AAX=0",
					"JucePlugin_Build_Standalone=0",
					"JucePlugin_Build_Unity=0",
				);
				GCC_SYMBOLS_PRIVATE_EXTERN = YES;
				GCC_VERSION = com.apple.compilers.llvm.clang.1_0;
				GENERATE_PKGINFO_FILE = YES;
				HEADER_SEARCH_PATHS = (
					"/Users/carmelofascella/Desktop/JUCE/modules/juce_audio_processors/format_types/VST3_SDK",
					"../../JuceLibraryCode",
					"/Users/carmelofascella/Desktop/JUCE/modules",
					"/Users/carmelofascella/Desktop/JUCE/modules/juce_audio_plugin_client",
					"$(inherited)",
				);
				INFOPLIST_FILE = Info-VST3.plist;
				INFOPLIST_PREPROCESS = NO;
				INSTALL_PATH = "$(HOME)/Library/Audio/Plug-Ins/VST3/";
				LIBRARY_STYLE = Bundle;
				LLVM_LTO = YES;
				MACOSX_DEPLOYMENT_TARGET = 10.11;
				OTHER_LDFLAGS = "-bundle -lBeatDetektor";
				PRODUCT_BUNDLE_IDENTIFIER = com.yourcompany.BeatDetektor;
				PRODUCT_NAME = "BeatDetektor";
				USE_HEADERMAP = NO;
				WRAPPER_EXTENSION = vst3;
			};
			name = Release;
		};
		B0159E64AE52975B57F579D9 = {
			isa = XCBuildConfiguration;
			buildSettings = {
				CLANG_CXX_LANGUAGE_STANDARD = "c++14";
				CLANG_CXX_LIBRARY = "libc++";
				CLANG_LINK_OBJC_RUNTIME = NO;
				COMBINE_HIDPI_IMAGES = YES;
				CONFIGURATION_BUILD_DIR = "$(PROJECT_DIR)/build/$(CONFIGURATION)";
				COPY_PHASE_STRIP = NO;
				DEPLOYMENT_LOCATION = YES;
				DSTROOT = /;
				GCC_DYNAMIC_NO_PIC = NO;
				GCC_OPTIMIZATION_LEVEL = 0;
				GCC_PREPROCESSOR_DEFINITIONS = (
					"_DEBUG=1",
					"DEBUG=1",
					"JUCER_XCODE_MAC_F6D2F4CF=1",
					"JUCE_APP_VERSION=1.0.0",
					"JUCE_APP_VERSION_HEX=0x10000",
					"JucePlugin_Build_VST=0",
					"JucePlugin_Build_VST3=0",
					"JucePlugin_Build_AU=1",
					"JucePlugin_Build_AUv3=0",
					"JucePlugin_Build_RTAS=0",
					"JucePlugin_Build_AAX=0",
					"JucePlugin_Build_Standalone=0",
					"JucePlugin_Build_Unity=0",
				);
				GCC_VERSION = com.apple.compilers.llvm.clang.1_0;
				GENERATE_PKGINFO_FILE = YES;
				HEADER_SEARCH_PATHS = (
					"/Users/carmelofascella/Desktop/JUCE/modules/juce_audio_processors/format_types/VST3_SDK",
					"../../JuceLibraryCode",
					"/Users/carmelofascella/Desktop/JUCE/modules",
					"/Users/carmelofascella/Desktop/JUCE/modules/juce_audio_plugin_client",
					"$(inherited)",
				);
				INFOPLIST_FILE = Info-AU.plist;
				INFOPLIST_PREPROCESS = NO;
				INSTALL_PATH = "$(HOME)/Library/Audio/Plug-Ins/Components/";
				LIBRARY_STYLE = Bundle;
				MACOSX_DEPLOYMENT_TARGET = 10.11;
				OTHER_LDFLAGS = "-bundle -lBeatDetektor";
				OTHER_REZFLAGS = "-d ppc_$ppc -d i386_$i386 -d ppc64_$ppc64 -d x86_64_$x86_64 -I /System/Library/Frameworks/CoreServices.framework/Frameworks/CarbonCore.framework/Versions/A/Headers -I \"$(DEVELOPER_DIR)/Extras/CoreAudio/AudioUnits/AUPublic/AUBase\"";
				PRODUCT_BUNDLE_IDENTIFIER = com.yourcompany.BeatDetektor;
				PRODUCT_NAME = "BeatDetektor";
				USE_HEADERMAP = NO;
				WRAPPER_EXTENSION = component;
			};
			name = Debug;
		};
		4A02B78E9556448BA35A0D89 = {
			isa = XCBuildConfiguration;
			buildSettings = {
				CLANG_CXX_LANGUAGE_STANDARD = "c++14";
				CLANG_CXX_LIBRARY = "libc++";
				CLANG_LINK_OBJC_RUNTIME = NO;
				COMBINE_HIDPI_IMAGES = YES;
				CONFIGURATION_BUILD_DIR = "$(PROJECT_DIR)/build/$(CONFIGURATION)";
				DEAD_CODE_STRIPPING = YES;
				DEPLOYMENT_LOCATION = YES;
				DSTROOT = /;
				GCC_GENERATE_DEBUGGING_SYMBOLS = NO;
				GCC_OPTIMIZATION_LEVEL = 3;
				GCC_PREPROCESSOR_DEFINITIONS = (
					"_NDEBUG=1",
					"NDEBUG=1",
					"JUCER_XCODE_MAC_F6D2F4CF=1",
					"JUCE_APP_VERSION=1.0.0",
					"JUCE_APP_VERSION_HEX=0x10000",
					"JucePlugin_Build_VST=0",
					"JucePlugin_Build_VST3=0",
					"JucePlugin_Build_AU=1",
					"JucePlugin_Build_AUv3=0",
					"JucePlugin_Build_RTAS=0",
					"JucePlugin_Build_AAX=0",
					"JucePlugin_Build_Standalone=0",
					"JucePlugin_Build_Unity=0",
				);
				GCC_SYMBOLS_PRIVATE_EXTERN = YES;
				GCC_VERSION = com.apple.compilers.llvm.clang.1_0;
				GENERATE_PKGINFO_FILE = YES;
				HEADER_SEARCH_PATHS = (
					"/Users/carmelofascella/Desktop/JUCE/modules/juce_audio_processors/format_types/VST3_SDK",
					"../../JuceLibraryCode",
					"/Users/carmelofascella/Desktop/JUCE/modules",
					"/Users/carmelofascella/Desktop/JUCE/modules/juce_audio_plugin_client",
					"$(inherited)",
				);
				INFOPLIST_FILE = Info-AU.plist;
				INFOPLIST_PREPROCESS = NO;
				INSTALL_PATH = "$(HOME)/Library/Audio/Plug-Ins/Components/";
				LIBRARY_STYLE = Bundle;
				LLVM_LTO = YES;
				MACOSX_DEPLOYMENT_TARGET = 10.11;
				OTHER_LDFLAGS = "-bundle -lBeatDetektor";
				OTHER_REZFLAGS = "-d ppc_$ppc -d i386_$i386 -d ppc64_$ppc64 -d x86_64_$x86_64 -I /System/Library/Frameworks/CoreServices.framework/Frameworks/CarbonCore.framework/Versions/A/Headers -I \"$(DEVELOPER_DIR)/Extras/CoreAudio/AudioUnits/AUPublic/AUBase\"";
				PRODUCT_BUNDLE_IDENTIFIER = com.yourcompany.BeatDetektor;
				PRODUCT_NAME = "BeatDetektor";
				USE_HEADERMAP = NO;
				WRAPPER_EXTENSION = component;
			};
			name = Release;
		};
		5F092800A4CF5368664078D9 = {
			isa = XCBuildConfiguration;
			buildSettings = {
				CLANG_CXX_LANGUAGE_STANDARD = "c++14";
				CLANG_CXX_LIBRARY = "libc++";
				CLANG_LINK_OBJC_RUNTIME = NO;
				COMBINE_HIDPI_IMAGES = YES;
				CONFIGURATION_BUILD_DIR = "$(PROJECT_DIR)/build/$(CONFIGURATION)";
				COPY_PHASE_STRIP = NO;
				GCC_DYNAMIC_NO_PIC = NO;
				GCC_OPTIMIZATION_LEVEL = 0;
				GCC_PREPROCESSOR_DEFINITIONS = (
					"_DEBUG=1",
					"DEBUG=1",
					"JUCER_XCODE_MAC_F6D2F4CF=1",
					"JUCE_APP_VERSION=1.0.0",
					"JUCE_APP_VERSION_HEX=0x10000",
					"JucePlugin_Build_VST=0",
					"JucePlugin_Build_VST3=0",
					"JucePlugin_Build_AU=0",
					"JucePlugin_Build_AUv3=0",
					"JucePlugin_Build_RTAS=0",
					"JucePlugin_Build_AAX=0",
					"JucePlugin_Build_Standalone=1",
					"JucePlugin_Build_Unity=0",
				);
				GCC_VERSION = com.apple.compilers.llvm.clang.1_0;
				HEADER_SEARCH_PATHS = (
					"/Users/carmelofascella/Desktop/JUCE/modules/juce_audio_processors/format_types/VST3_SDK",
					"../../JuceLibraryCode",
					"/Users/carmelofascella/Desktop/JUCE/modules",
					"/Users/carmelofascella/Desktop/JUCE/modules/juce_audio_plugin_client",
					"$(inherited)",
				);
				INFOPLIST_FILE = Info-Standalone_Plugin.plist;
				INFOPLIST_PREPROCESS = NO;
				MACOSX_DEPLOYMENT_TARGET = 10.11;
				OTHER_LDFLAGS = "-lBeatDetektor";
				PRODUCT_BUNDLE_IDENTIFIER = com.yourcompany.BeatDetektor;
				PRODUCT_NAME = "BeatDetektor";
				USE_HEADERMAP = NO;
			};
			name = Debug;
		};
		4180F70B705B4AC393E0A4E6 = {
			isa = XCBuildConfiguration;
			buildSettings = {
				CLANG_CXX_LANGUAGE_STANDARD = "c++14";
				CLANG_CXX_LIBRARY = "libc++";
				CLANG_LINK_OBJC_RUNTIME = NO;
				COMBINE_HIDPI_IMAGES = YES;
				CONFIGURATION_BUILD_DIR = "$(PROJECT_DIR)/build/$(CONFIGURATION)";
				DEAD_CODE_STRIPPING = YES;
				GCC_GENERATE_DEBUGGING_SYMBOLS = NO;
				GCC_OPTIMIZATION_LEVEL = 3;
				GCC_PREPROCESSOR_DEFINITIONS = (
					"_NDEBUG=1",
					"NDEBUG=1",
					"JUCER_XCODE_MAC_F6D2F4CF=1",
					"JUCE_APP_VERSION=1.0.0",
					"JUCE_APP_VERSION_HEX=0x10000",
					"JucePlugin_Build_VST=0",
					"JucePlugin_Build_VST3=0",
					"JucePlugin_Build_AU=0",
					"JucePlugin_Build_AUv3=0",
					"JucePlugin_Build_RTAS=0",
					"JucePlugin_Build_AAX=0",
					"JucePlugin_Build_Standalone=1",
					"JucePlugin_Build_Unity=0",
				);
				GCC_SYMBOLS_PRIVATE_EXTERN = YES;
				GCC_VERSION = com.apple.compilers.llvm.clang.1_0;
				HEADER_SEARCH_PATHS = (
					"/Users/carmelofascella/Desktop/JUCE/modules/juce_audio_processors/format_types/VST3_SDK",
					"../../JuceLibraryCode",
					"/Users/carmelofascella/Desktop/JUCE/modules",
					"/Users/carmelofascella/Desktop/JUCE/modules/juce_audio_plugin_client",
					"$(inherited)",
				);
				INFOPLIST_FILE = Info-Standalone_Plugin.plist;
				INFOPLIST_PREPROCESS = NO;
				LLVM_LTO = YES;
				MACOSX_DEPLOYMENT_TARGET = 10.11;
				OTHER_LDFLAGS = "-lBeatDetektor";
				PRODUCT_BUNDLE_IDENTIFIER = com.yourcompany.BeatDetektor;
				PRODUCT_NAME = "BeatDetektor";
				USE_HEADERMAP = NO;
			};
			name = Release;
		};
		0135128FCAA47171D7540A79 = {
			isa = XCBuildConfiguration;
			buildSettings = {
				CLANG_CXX_LANGUAGE_STANDARD = "c++14";
				CLANG_CXX_LIBRARY = "libc++";
				CLANG_LINK_OBJC_RUNTIME = NO;
				COMBINE_HIDPI_IMAGES = YES;
				CONFIGURATION_BUILD_DIR = "$(PROJECT_DIR)/build/$(CONFIGURATION)";
				COPY_PHASE_STRIP = NO;
				GCC_DYNAMIC_NO_PIC = NO;
				GCC_OPTIMIZATION_LEVEL = 0;
				GCC_PREPROCESSOR_DEFINITIONS = (
					"_DEBUG=1",
					"DEBUG=1",
					"JUCER_XCODE_MAC_F6D2F4CF=1",
					"JUCE_APP_VERSION=1.0.0",
					"JUCE_APP_VERSION_HEX=0x10000",
					"JucePlugin_Build_VST=0",
					"JucePlugin_Build_VST3=1",
					"JucePlugin_Build_AU=1",
					"JucePlugin_Build_AUv3=0",
					"JucePlugin_Build_RTAS=0",
					"JucePlugin_Build_AAX=0",
					"JucePlugin_Build_Standalone=1",
					"JucePlugin_Build_Unity=0",
					"JUCE_SHARED_CODE=1",
				);
				GCC_VERSION = com.apple.compilers.llvm.clang.1_0;
				HEADER_SEARCH_PATHS = (
					"/Users/carmelofascella/Desktop/JUCE/modules/juce_audio_processors/format_types/VST3_SDK",
					"../../JuceLibraryCode",
					"/Users/carmelofascella/Desktop/JUCE/modules",
					"/Users/carmelofascella/Desktop/JUCE/modules/juce_audio_plugin_client",
					"$(inherited)",
				);
				INSTALL_PATH = "@executable_path/../Frameworks";
				MACOSX_DEPLOYMENT_TARGET = 10.11;
				PRODUCT_BUNDLE_IDENTIFIER = com.yourcompany.BeatDetektor;
				PRODUCT_NAME = "BeatDetektor";
				SKIP_INSTALL = YES;
				USE_HEADERMAP = NO;
			};
			name = Debug;
		};
		1DAE37C5F76C7CF3247B35E2 = {
			isa = XCBuildConfiguration;
			buildSettings = {
				CLANG_CXX_LANGUAGE_STANDARD = "c++14";
				CLANG_CXX_LIBRARY = "libc++";
				CLANG_LINK_OBJC_RUNTIME = NO;
				COMBINE_HIDPI_IMAGES = YES;
				CONFIGURATION_BUILD_DIR = "$(PROJECT_DIR)/build/$(CONFIGURATION)";
				DEAD_CODE_STRIPPING = YES;
				GCC_GENERATE_DEBUGGING_SYMBOLS = NO;
				GCC_OPTIMIZATION_LEVEL = 3;
				GCC_PREPROCESSOR_DEFINITIONS = (
					"_NDEBUG=1",
					"NDEBUG=1",
					"JUCER_XCODE_MAC_F6D2F4CF=1",
					"JUCE_APP_VERSION=1.0.0",
					"JUCE_APP_VERSION_HEX=0x10000",
					"JucePlugin_Build_VST=0",
					"JucePlugin_Build_VST3=1",
					"JucePlugin_Build_AU=1",
					"JucePlugin_Build_AUv3=0",
					"JucePlugin_Build_RTAS=0",
					"JucePlugin_Build_AAX=0",
					"JucePlugin_Build_Standalone=1",
					"JucePlugin_Build_Unity=0",
					"JUCE_SHARED_CODE=1",
				);
				GCC_SYMBOLS_PRIVATE_EXTERN = YES;
				GCC_VERSION = com.apple.compilers.llvm.clang.1_0;
				HEADER_SEARCH_PATHS = (
					"/Users/carmelofascella/Desktop/JUCE/modules/juce_audio_processors/format_types/VST3_SDK",
					"../../JuceLibraryCode",
					"/Users/carmelofascella/Desktop/JUCE/modules",
					"/Users/carmelofascella/Desktop/JUCE/modules/juce_audio_plugin_client",
					"$(inherited)",
				);
				INSTALL_PATH = "@executable_path/../Frameworks";
				LLVM_LTO = YES;
				MACOSX_DEPLOYMENT_TARGET = 10.11;
				PRODUCT_BUNDLE_IDENTIFIER = com.yourcompany.BeatDetektor;
				PRODUCT_NAME = "BeatDetektor";
				SKIP_INSTALL = YES;
				USE_HEADERMAP = NO;
			};
			name = Release;
		};
		2FBD8D09449BC7F7548C7DF5 = {
			isa = XCBuildConfiguration;
			buildSettings = {
				ALWAYS_SEARCH_USER_PATHS = NO;
				CLANG_ENABLE_OBJC_WEAK = YES;
				CLANG_WARN_BLOCK_CAPTURE_AUTORELEASING = YES;
				CLANG_WARN_BOOL_CONVERSION = YES;
				CLANG_WARN_COMMA = YES;
				CLANG_WARN_CONSTANT_CONVERSION = YES;
				CLANG_WARN_DEPRECATED_OBJC_IMPLEMENTATIONS = YES;
				CLANG_WARN_EMPTY_BODY = YES;
				CLANG_WARN_ENUM_CONVERSION = YES;
				CLANG_WARN_INFINITE_RECURSION = YES;
				CLANG_WARN_INT_CONVERSION = YES;
				CLANG_WARN_NON_LITERAL_NULL_CONVERSION = YES;
				CLANG_WARN_OBJC_IMPLICIT_RETAIN_SELF = YES;
				CLANG_WARN_OBJC_LITERAL_CONVERSION = YES;
				CLANG_WARN_RANGE_LOOP_ANALYSIS = YES;
				CLANG_WARN_STRICT_PROTOTYPES = YES;
				CLANG_WARN_SUSPICIOUS_MOVE = YES;
				CLANG_WARN_UNREACHABLE_CODE = YES;
				CLANG_WARN__DUPLICATE_METHOD_MATCH = YES;
				DEBUG_INFORMATION_FORMAT = dwarf;
				ENABLE_STRICT_OBJC_MSGSEND = YES;
				ENABLE_TESTABILITY = YES;
				GCC_C_LANGUAGE_STANDARD = c11;
				GCC_INLINES_ARE_PRIVATE_EXTERN = YES;
				GCC_MODEL_TUNING = G5;
				GCC_NO_COMMON_BLOCKS = YES;
				GCC_WARN_64_TO_32_BIT_CONVERSION = YES;
				GCC_WARN_ABOUT_RETURN_TYPE = YES;
				GCC_WARN_CHECK_SWITCH_STATEMENTS = YES;
				GCC_WARN_MISSING_PARENTHESES = YES;
				GCC_WARN_NON_VIRTUAL_DESTRUCTOR = YES;
				GCC_WARN_TYPECHECK_CALLS_TO_PRINTF = YES;
				GCC_WARN_UNDECLARED_SELECTOR = YES;
				GCC_WARN_UNINITIALIZED_AUTOS = YES;
				GCC_WARN_UNUSED_FUNCTION = YES;
				GCC_WARN_UNUSED_VARIABLE = YES;
				ONLY_ACTIVE_ARCH = YES;
				PRODUCT_NAME = "BeatDetektor";
				WARNING_CFLAGS = "-Wreorder";
				ZERO_LINK = NO;
			};
			name = Debug;
		};
		12D2B6DD078772F8E2766E13 = {
			isa = XCBuildConfiguration;
			buildSettings = {
				ALWAYS_SEARCH_USER_PATHS = NO;
				CLANG_ENABLE_OBJC_WEAK = YES;
				CLANG_WARN_BLOCK_CAPTURE_AUTORELEASING = YES;
				CLANG_WARN_BOOL_CONVERSION = YES;
				CLANG_WARN_COMMA = YES;
				CLANG_WARN_CONSTANT_CONVERSION = YES;
				CLANG_WARN_DEPRECATED_OBJC_IMPLEMENTATIONS = YES;
				CLANG_WARN_EMPTY_BODY = YES;
				CLANG_WARN_ENUM_CONVERSION = YES;
				CLANG_WARN_INFINITE_RECURSION = YES;
				CLANG_WARN_INT_CONVERSION = YES;
				CLANG_WARN_NON_LITERAL_NULL_CONVERSION = YES;
				CLANG_WARN_OBJC_IMPLICIT_RETAIN_SELF = YES;
				CLANG_WARN_OBJC_LITERAL_CONVERSION = YES;
				CLANG_WARN_RANGE_LOOP_ANALYSIS = YES;
				CLANG_WARN_STRICT_PROTOTYPES = YES;
				CLANG_WARN_SUSPICIOUS_MOVE = YES;
				CLANG_WARN_UNREACHABLE_CODE = YES;
				CLANG_WARN__DUPLICATE_METHOD_MATCH = YES;
				DEBUG_INFORMATION_FORMAT = dwarf;
				ENABLE_STRICT_OBJC_MSGSEND = YES;
				GCC_C_LANGUAGE_STANDARD = c11;
				GCC_INLINES_ARE_PRIVATE_EXTERN = YES;
				GCC_MODEL_TUNING = G5;
				GCC_NO_COMMON_BLOCKS = YES;
				GCC_WARN_64_TO_32_BIT_CONVERSION = YES;
				GCC_WARN_ABOUT_RETURN_TYPE = YES;
				GCC_WARN_CHECK_SWITCH_STATEMENTS = YES;
				GCC_WARN_MISSING_PARENTHESES = YES;
				GCC_WARN_NON_VIRTUAL_DESTRUCTOR = YES;
				GCC_WARN_TYPECHECK_CALLS_TO_PRINTF = YES;
				GCC_WARN_UNDECLARED_SELECTOR = YES;
				GCC_WARN_UNINITIALIZED_AUTOS = YES;
				GCC_WARN_UNUSED_FUNCTION = YES;
				GCC_WARN_UNUSED_VARIABLE = YES;
				PRODUCT_NAME = "BeatDetektor";
				WARNING_CFLAGS = "-Wreorder";
				ZERO_LINK = NO;
			};
			name = Release;
		};
		C674069E8FF8D7D1390C80F1 = {
			isa = PBXTargetDependency;
			target = CFEDBF5444BB9D0AAA8699CA;
		};
		D8157EFFB871F1D01876E063 = {
			isa = PBXTargetDependency;
			target = 714096512B2BB9B5BBD0839B;
		};
		4FD88E847EC36F3A218518FB = {
			isa = PBXTargetDependency;
			target = 02E22D17D92CF56570C58FEE;
		};
		C5D1E0D06933D4A8F44658EF = {
			isa = PBXTargetDependency;
			target = F2BB4FE076B490AAC5656E9A;
		};
		378D0595493295B5CF73878C = {
			isa = XCConfigurationList;
			buildConfigurations = (
				2FBD8D09449BC7F7548C7DF5,
				12D2B6DD078772F8E2766E13,
			);
			defaultConfigurationIsVisible = 0;
			defaultConfigurationName = Debug;
		};
		2B2EEA816316D3020C70BE87 = {
			isa = XCConfigurationList;
			buildConfigurations = (
				2482275F0AAEEA6041DE1AA4,
				77E8931F34CFF7701E39C4D3,
			);
			defaultConfigurationIsVisible = 0;
			defaultConfigurationName = Debug;
		};
		7B1DF991EDB137DA376C27F4 = {
			isa = PBXAggregateTarget;
			buildConfigurationList = 2B2EEA816316D3020C70BE87;
			buildPhases = ( );
			buildRules = ( );
			dependencies = (
				C674069E8FF8D7D1390C80F1,
				D8157EFFB871F1D01876E063,
				4FD88E847EC36F3A218518FB,
				C5D1E0D06933D4A8F44658EF,
			);
			name = "BeatDetektor - All";
			productName = BeatDetektor;
		};
		4AA29E384B12CA39506E473E = {
			isa = XCConfigurationList;
			buildConfigurations = (
				ECFA55A377FF62F1D532D08B,
				5E403DC131CEFFBEE815FCE8,
			);
			defaultConfigurationIsVisible = 0;
			defaultConfigurationName = Debug;
		};
		BC2B4341DF39062713750207 = {
			isa = PBXResourcesBuildPhase;
			buildActionMask = 2147483647;
			files = (
				EF9BA5C14B3C604F51D911F2,
			);
			runOnlyForDeploymentPostprocessing = 0;
		};
		72A1632CE007BEED3232BD80 = {
			isa = PBXSourcesBuildPhase;
			buildActionMask = 2147483647;
			files = (
				74008136AC6D026FCA7F18F6,
			);
			runOnlyForDeploymentPostprocessing = 0;
		};
		0585CBF33BBD1B0D563C9E77 = {
			isa = PBXFrameworksBuildPhase;
			buildActionMask = 2147483647;
			files = (
				AC9CCDCBA19D4BCCA0D3145F,
				15CBC5E72390AE848778ECC7,
				60C9F5340CA6BCC70F2A18FB,
				B6AC4F324B06DA76BD218310,
				17F69316D963D3147743D5C3,
				DCFD11D10B3078F70FA5C255,
				3DCE4D9511E079786B8B0B99,
				CB68851BBEE0179725E351A2,
				55E0B28D8C4A372B5BFF9D91,
				C063EA5AEDAD56289A118697,
				E587D053E7F185E5A7275710,
			);
			runOnlyForDeploymentPostprocessing = 0;
		};
		CFEDBF5444BB9D0AAA8699CA = {
			isa = PBXNativeTarget;
			buildConfigurationList = 4AA29E384B12CA39506E473E;
			buildPhases = (
				BC2B4341DF39062713750207,
				72A1632CE007BEED3232BD80,
				0585CBF33BBD1B0D563C9E77,
			);
			buildRules = ( );
			dependencies = (
				C5D1E0D06933D4A8F44658EF,
			);
			name = "BeatDetektor - VST3";
			productName = BeatDetektor;
			productReference = 5F94F284113AE628293A0C99;
			productType = "com.apple.product-type.bundle";
		};
		430B4309859A643E76F87789 = {
			isa = XCConfigurationList;
			buildConfigurations = (
				B0159E64AE52975B57F579D9,
				4A02B78E9556448BA35A0D89,
			);
			defaultConfigurationIsVisible = 0;
			defaultConfigurationName = Debug;
		};
		9EBFADD42558417CC85DA25D = {
			isa = PBXResourcesBuildPhase;
			buildActionMask = 2147483647;
			files = (
				EF9BA5C14B3C604F51D911F2,
			);
			runOnlyForDeploymentPostprocessing = 0;
		};
		C03F6CE743F07103C3D4AB38 = {
			isa = PBXRezBuildPhase;
			buildActionMask = 2147483647;
			files = (
				B13C8F7DE2B444E30A233788,
			);
			runOnlyForDeploymentPostprocessing = 0;
		};
		7C2C8A689935B9B7950BD200 = {
			isa = PBXSourcesBuildPhase;
			buildActionMask = 2147483647;
			files = (
				D6A755FF18F01DC7FB75E6DE,
				5D1FC189A63FF9051C3BF522,
			);
			runOnlyForDeploymentPostprocessing = 0;
		};
		F6E7A525ACCC011AB4629E59 = {
			isa = PBXFrameworksBuildPhase;
			buildActionMask = 2147483647;
			files = (
				AC9CCDCBA19D4BCCA0D3145F,
				15CBC5E72390AE848778ECC7,
				45AA99B726E47E20F8E3BDCC,
				60C9F5340CA6BCC70F2A18FB,
				B6AC4F324B06DA76BD218310,
				17F69316D963D3147743D5C3,
				39E4D79F5580074527FCD644,
				DCFD11D10B3078F70FA5C255,
				3DCE4D9511E079786B8B0B99,
				CB68851BBEE0179725E351A2,
				55E0B28D8C4A372B5BFF9D91,
				C063EA5AEDAD56289A118697,
				E587D053E7F185E5A7275710,
			);
			runOnlyForDeploymentPostprocessing = 0;
		};
		714096512B2BB9B5BBD0839B = {
			isa = PBXNativeTarget;
			buildConfigurationList = 430B4309859A643E76F87789;
			buildPhases = (
				9EBFADD42558417CC85DA25D,
				C03F6CE743F07103C3D4AB38,
				7C2C8A689935B9B7950BD200,
				F6E7A525ACCC011AB4629E59,
			);
			buildRules = ( );
			dependencies = (
				C5D1E0D06933D4A8F44658EF,
			);
			name = "BeatDetektor - AU";
			productName = BeatDetektor;
			productReference = 9C3FBA8A1D5C3971B0C8B677;
			productType = "com.apple.product-type.bundle";
		};
		35C1BDD907099119B6CFB074 = {
			isa = XCConfigurationList;
			buildConfigurations = (
				5F092800A4CF5368664078D9,
				4180F70B705B4AC393E0A4E6,
			);
			defaultConfigurationIsVisible = 0;
			defaultConfigurationName = Debug;
		};
		E6934FB121B0F8FC749129FA = {
			isa = PBXResourcesBuildPhase;
			buildActionMask = 2147483647;
			files = (
				EF9BA5C14B3C604F51D911F2,
			);
			runOnlyForDeploymentPostprocessing = 0;
		};
		5C335A9E52EA0212D90128F8 = {
			isa = PBXSourcesBuildPhase;
			buildActionMask = 2147483647;
			files = (
				4704CC1BF89981186732F533,
			);
			runOnlyForDeploymentPostprocessing = 0;
		};
		47DAA1A53CA8F1CF6D6A1A87 = {
			isa = PBXFrameworksBuildPhase;
			buildActionMask = 2147483647;
			files = (
				AC9CCDCBA19D4BCCA0D3145F,
				15CBC5E72390AE848778ECC7,
				60C9F5340CA6BCC70F2A18FB,
				B6AC4F324B06DA76BD218310,
				17F69316D963D3147743D5C3,
				DCFD11D10B3078F70FA5C255,
				3DCE4D9511E079786B8B0B99,
				CB68851BBEE0179725E351A2,
				55E0B28D8C4A372B5BFF9D91,
				C063EA5AEDAD56289A118697,
				E587D053E7F185E5A7275710,
			);
			runOnlyForDeploymentPostprocessing = 0;
		};
		02E22D17D92CF56570C58FEE = {
			isa = PBXNativeTarget;
			buildConfigurationList = 35C1BDD907099119B6CFB074;
			buildPhases = (
				E6934FB121B0F8FC749129FA,
				5C335A9E52EA0212D90128F8,
				47DAA1A53CA8F1CF6D6A1A87,
			);
			buildRules = ( );
			dependencies = (
				C5D1E0D06933D4A8F44658EF,
			);
			name = "BeatDetektor - Standalone Plugin";
			productName = BeatDetektor;
			productReference = 14EA4697115D6B1F431C15E1;
			productType = "com.apple.product-type.application";
		};
		E0BF3AD83FE543DDB9AB0183 = {
			isa = XCConfigurationList;
			buildConfigurations = (
				0135128FCAA47171D7540A79,
				1DAE37C5F76C7CF3247B35E2,
			);
			defaultConfigurationIsVisible = 0;
			defaultConfigurationName = Debug;
		};
		15BEAECAB09CCEC2B0410C8A = {
			isa = PBXSourcesBuildPhase;
			buildActionMask = 2147483647;
			files = (
				1D56347444C2EC0412C625CC,
				941702DF346DBE2936E78FF5,
				4BE2F151730AA5EAF7F54A15,
				1DBE61A0D793E0D2FD462E65,
				4167AE52E5A8964B68AB725C,
				526485784DE3975F90CE91A0,
				8D374CB45745951DFC013139,
				58084F62CE6D10E11446281C,
				2B892ECC831C67289EDDE9BD,
				C4DA8141FC7B3B334735CC84,
				F612530EB12F079574BA86A3,
				C6224E046F1E9ED3CECFFAD7,
				06DF2F7FB89A6288ACFCD2BE,
				16C29F76076BF8453366E7CD,
				3AEC857F13C513E22413B406,
				6D87CBD601FA30F3998D642D,
				FE1196A9D6E38489E5555984,
				C21599CE14DF1C6BE51DA81D,
			);
			runOnlyForDeploymentPostprocessing = 0;
		};
		F2BB4FE076B490AAC5656E9A = {
			isa = PBXNativeTarget;
			buildConfigurationList = E0BF3AD83FE543DDB9AB0183;
			buildPhases = (
				15BEAECAB09CCEC2B0410C8A,
			);
			buildRules = ( );
			dependencies = ( );
			name = "BeatDetektor - Shared Code";
			productName = BeatDetektor;
			productReference = CD056B7CE446F408458D5ED9;
			productType = "com.apple.product-type.library.static";
		};
		CC7A806C6E18B67C455E501F = {
			isa = PBXProject;
			buildConfigurationList = 378D0595493295B5CF73878C;
			attributes = { LastUpgradeCheck = 1010; ORGANIZATIONNAME = ""; TargetAttributes = { 7B1DF991EDB137DA376C27F4 = { SystemCapabilities = {com.apple.ApplicationGroups.iOS = { enabled = 0; }; com.apple.InAppPurchase = { enabled = 0; }; com.apple.InterAppAudio = { enabled = 0; }; com.apple.Push = { enabled = 0; }; com.apple.Sandbox = { enabled = 0; }; com.apple.HardenedRuntime = { enabled = 0; }; }; };CFEDBF5444BB9D0AAA8699CA = { SystemCapabilities = {com.apple.ApplicationGroups.iOS = { enabled = 0; }; com.apple.InAppPurchase = { enabled = 0; }; com.apple.InterAppAudio = { enabled = 0; }; com.apple.Push = { enabled = 0; }; com.apple.Sandbox = { enabled = 0; }; com.apple.HardenedRuntime = { enabled = 0; }; }; };714096512B2BB9B5BBD0839B = { SystemCapabilities = {com.apple.ApplicationGroups.iOS = { enabled = 0; }; com.apple.InAppPurchase = { enabled = 0; }; com.apple.InterAppAudio = { enabled = 0; }; com.apple.Push = { enabled = 0; }; com.apple.Sandbox = { enabled = 0; }; com.apple.HardenedRuntime = { enabled = 0; }; }; };02E22D17D92CF56570C58FEE = { SystemCapabilities = {com.apple.ApplicationGroups.iOS = { enabled = 0; }; com.apple.InAppPurchase = { enabled = 0; }; com.apple.InterAppAudio = { enabled = 0; }; com.apple.Push = { enabled = 0; }; com.apple.Sandbox = { enabled = 0; }; com.apple.HardenedRuntime = { enabled = 0; }; }; };F2BB4FE076B490AAC5656E9A = { SystemCapabilities = {com.apple.ApplicationGroups.iOS = { enabled = 0; }; com.apple.InAppPurchase = { enabled = 0; }; com.apple.InterAppAudio = { enabled = 0; }; com.apple.Push = { enabled = 0; }; com.apple.Sandbox = { enabled = 0; }; com.apple.HardenedRuntime = { enabled = 0; }; }; }; }; };
			compatibilityVersion = "Xcode 3.2";
			hasScannedForEncodings = 0;
			mainGroup = 836AACF14AD410C4C57BAFD9;
			projectDirPath = "";
			projectRoot = "";
			targets = (7B1DF991EDB137DA376C27F4, CFEDBF5444BB9D0AAA8699CA, 714096512B2BB9B5BBD0839B, 02E22D17D92CF56570C58FEE, F2BB4FE076B490AAC5656E9A);
			knownRegions = (en, Base);
		};
	};
	rootObject = CC7A806C6E18B67C455E501F;
}
